
Microsoft Visual Studio Solution File, Format Version 12.00
# Visual Studio 15
VisualStudioVersion = 15.0.27130.2027
MinimumVisualStudioVersion = 10.0.40219.1
Project("{FAE04EC0-301F-11D3-BF4B-00C04F79EFBC}") = "7LibraryXML", "7LibraryXML\7LibraryXML.csproj", "{40A053FC-66B2-46B9-BCDD-695DDCE25448}"
EndProject
Global
	GlobalSection(SolutionConfigurationPlatforms) = preSolution
		Debug|Any CPU = Debug|Any CPU
		Release|Any CPU = Release|Any CPU
	EndGlobalSection
	GlobalSection(ProjectConfigurationPlatforms) = postSolution
		{40A053FC-66B2-46B9-BCDD-695DDCE25448}.Debug|Any CPU.ActiveCfg = Debug|Any CPU
		{40A053FC-66B2-46B9-BCDD-695DDCE25448}.Debug|Any CPU.Build.0 = Debug|Any CPU
		{40A053FC-66B2-46B9-BCDD-695DDCE25448}.Release|Any CPU.ActiveCfg = Release|Any CPU
		{40A053FC-66B2-46B9-BCDD-695DDCE25448}.Release|Any CPU.Build.0 = Release|Any CPU
	EndGlobalSection
	GlobalSection(SolutionProperties) = preSolution
		HideSolutionNode = FALSE
	EndGlobalSection
	GlobalSection(ExtensibilityGlobals) = postSolution
		SolutionGuid = {942BF86F-6CE1-45C3-AE81-AF947E1E1100}
	EndGlobalSection
	GlobalSection(TeamFoundationVersionControl) = preSolution
		SccNumberOfProjects = 2
		SccEnterpriseProvider = {4CA58AB2-18FA-4F8D-95D4-32DDF27D184C}
		SccTeamFoundationServer = https://cisteam.otc.edu/tfs/jh0375800
		SccLocalPath0 = .
		SccProjectUniqueName1 = 7LibraryXML\\7LibraryXML.csproj
		SccProjectName1 = 7LibraryXML
		SccLocalPath1 = 7LibraryXML
	EndGlobalSection
EndGlobal
